
Microsoft Visual Studio Solution File, Format Version 12.00
# Visual Studio Version 16
VisualStudioVersion = 16.0.31424.327
MinimumVisualStudioVersion = 10.0.40219.1
Project("{FAE04EC0-301F-11D3-BF4B-00C04F79EFBC}") = "Employees.Model", "Employees.Model\Employees.Model.csproj", "{ED3B8FC7-A07D-4FB3-9A70-9EEF3EB7EA82}"
EndProject
Project("{FAE04EC0-301F-11D3-BF4B-00C04F79EFBC}") = "Employees.Services", "Employees.Services\Employees.Services.csproj", "{F4C6B902-583A-4BC7-A2BC-A6176FA2E0A8}"
EndProject
Project("{FAE04EC0-301F-11D3-BF4B-00C04F79EFBC}") = "EmployeeListMVCApp", "EmployeeListMVCApp\EmployeeListMVCApp.csproj", "{8401308B-6A4B-4D44-931E-48F3D7908156}"
EndProject
Global
	GlobalSection(SolutionConfigurationPlatforms) = preSolution
		Debug|Any CPU = Debug|Any CPU
		Release|Any CPU = Release|Any CPU
	EndGlobalSection
	GlobalSection(ProjectConfigurationPlatforms) = postSolution
		{ED3B8FC7-A07D-4FB3-9A70-9EEF3EB7EA82}.Debug|Any CPU.ActiveCfg = Debug|Any CPU
		{ED3B8FC7-A07D-4FB3-9A70-9EEF3EB7EA82}.Debug|Any CPU.Build.0 = Debug|Any CPU
		{ED3B8FC7-A07D-4FB3-9A70-9EEF3EB7EA82}.Release|Any CPU.ActiveCfg = Release|Any CPU
		{ED3B8FC7-A07D-4FB3-9A70-9EEF3EB7EA82}.Release|Any CPU.Build.0 = Release|Any CPU
		{F4C6B902-583A-4BC7-A2BC-A6176FA2E0A8}.Debug|Any CPU.ActiveCfg = Debug|Any CPU
		{F4C6B902-583A-4BC7-A2BC-A6176FA2E0A8}.Debug|Any CPU.Build.0 = Debug|Any CPU
		{F4C6B902-583A-4BC7-A2BC-A6176FA2E0A8}.Release|Any CPU.ActiveCfg = Release|Any CPU
		{F4C6B902-583A-4BC7-A2BC-A6176FA2E0A8}.Release|Any CPU.Build.0 = Release|Any CPU
		{8401308B-6A4B-4D44-931E-48F3D7908156}.Debug|Any CPU.ActiveCfg = Debug|Any CPU
		{8401308B-6A4B-4D44-931E-48F3D7908156}.Debug|Any CPU.Build.0 = Debug|Any CPU
		{8401308B-6A4B-4D44-931E-48F3D7908156}.Release|Any CPU.ActiveCfg = Release|Any CPU
		{8401308B-6A4B-4D44-931E-48F3D7908156}.Release|Any CPU.Build.0 = Release|Any CPU
	EndGlobalSection
	GlobalSection(SolutionProperties) = preSolution
		HideSolutionNode = FALSE
	EndGlobalSection
	GlobalSection(ExtensibilityGlobals) = postSolution
		SolutionGuid = {8923C3EB-55EF-4651-A4A3-29013C92B50D}
	EndGlobalSection
EndGlobal
