
Microsoft Visual Studio Solution File, Format Version 12.00
# Visual Studio Version 16
VisualStudioVersion = 16.0.31424.327
MinimumVisualStudioVersion = 10.0.40219.1
Project("{FAE04EC0-301F-11D3-BF4B-00C04F79EFBC}") = "MySQLConnectionApp", "MySQLConnectionApp\MySQLConnectionApp.csproj", "{CF966F91-740B-4336-9E3B-73B989F61EAD}"
EndProject
Global
	GlobalSection(SolutionConfigurationPlatforms) = preSolution
		Debug|Any CPU = Debug|Any CPU
		Release|Any CPU = Release|Any CPU
	EndGlobalSection
	GlobalSection(ProjectConfigurationPlatforms) = postSolution
		{CF966F91-740B-4336-9E3B-73B989F61EAD}.Debug|Any CPU.ActiveCfg = Debug|Any CPU
		{CF966F91-740B-4336-9E3B-73B989F61EAD}.Debug|Any CPU.Build.0 = Debug|Any CPU
		{CF966F91-740B-4336-9E3B-73B989F61EAD}.Release|Any CPU.ActiveCfg = Release|Any CPU
		{CF966F91-740B-4336-9E3B-73B989F61EAD}.Release|Any CPU.Build.0 = Release|Any CPU
	EndGlobalSection
	GlobalSection(SolutionProperties) = preSolution
		HideSolutionNode = FALSE
	EndGlobalSection
	GlobalSection(ExtensibilityGlobals) = postSolution
		SolutionGuid = {95F14F31-AD62-4EBB-A925-D10E20F5018D}
	EndGlobalSection
EndGlobal
