
Microsoft Visual Studio Solution File, Format Version 12.00
# Visual Studio Version 16
VisualStudioVersion = 16.0.31424.327
MinimumVisualStudioVersion = 10.0.40219.1
Project("{FAE04EC0-301F-11D3-BF4B-00C04F79EFBC}") = "ContactStoreLib", "ComtactStoreLib\ContactStoreLib.csproj", "{61F6026C-B77E-4F9F-8A66-2586286D20B3}"
EndProject
Project("{FAE04EC0-301F-11D3-BF4B-00C04F79EFBC}") = "ContactWinForm", "ContactWinForm\ContactWinForm.csproj", "{D9E7FEC4-AE54-439E-B3F1-1157A277496F}"
EndProject
Global
	GlobalSection(SolutionConfigurationPlatforms) = preSolution
		Debug|Any CPU = Debug|Any CPU
		Release|Any CPU = Release|Any CPU
	EndGlobalSection
	GlobalSection(ProjectConfigurationPlatforms) = postSolution
		{61F6026C-B77E-4F9F-8A66-2586286D20B3}.Debug|Any CPU.ActiveCfg = Debug|Any CPU
		{61F6026C-B77E-4F9F-8A66-2586286D20B3}.Debug|Any CPU.Build.0 = Debug|Any CPU
		{61F6026C-B77E-4F9F-8A66-2586286D20B3}.Release|Any CPU.ActiveCfg = Release|Any CPU
		{61F6026C-B77E-4F9F-8A66-2586286D20B3}.Release|Any CPU.Build.0 = Release|Any CPU
		{D9E7FEC4-AE54-439E-B3F1-1157A277496F}.Debug|Any CPU.ActiveCfg = Debug|Any CPU
		{D9E7FEC4-AE54-439E-B3F1-1157A277496F}.Debug|Any CPU.Build.0 = Debug|Any CPU
		{D9E7FEC4-AE54-439E-B3F1-1157A277496F}.Release|Any CPU.ActiveCfg = Release|Any CPU
		{D9E7FEC4-AE54-439E-B3F1-1157A277496F}.Release|Any CPU.Build.0 = Release|Any CPU
	EndGlobalSection
	GlobalSection(SolutionProperties) = preSolution
		HideSolutionNode = FALSE
	EndGlobalSection
	GlobalSection(ExtensibilityGlobals) = postSolution
		SolutionGuid = {260DAF8C-1551-4706-9438-2C59872AB3FE}
	EndGlobalSection
EndGlobal
