
Microsoft Visual Studio Solution File, Format Version 12.00
# Visual Studio Version 16
VisualStudioVersion = 16.0.31424.327
MinimumVisualStudioVersion = 10.0.40219.1
Project("{FAE04EC0-301F-11D3-BF4B-00C04F79EFBC}") = "TransactionApp", "TransactionApp\TransactionApp.csproj", "{2D4C8F4B-893B-4A43-9FBD-B9F3B96BDD94}"
EndProject
Global
	GlobalSection(SolutionConfigurationPlatforms) = preSolution
		Debug|Any CPU = Debug|Any CPU
		Release|Any CPU = Release|Any CPU
	EndGlobalSection
	GlobalSection(ProjectConfigurationPlatforms) = postSolution
		{2D4C8F4B-893B-4A43-9FBD-B9F3B96BDD94}.Debug|Any CPU.ActiveCfg = Debug|Any CPU
		{2D4C8F4B-893B-4A43-9FBD-B9F3B96BDD94}.Debug|Any CPU.Build.0 = Debug|Any CPU
		{2D4C8F4B-893B-4A43-9FBD-B9F3B96BDD94}.Release|Any CPU.ActiveCfg = Release|Any CPU
		{2D4C8F4B-893B-4A43-9FBD-B9F3B96BDD94}.Release|Any CPU.Build.0 = Release|Any CPU
	EndGlobalSection
	GlobalSection(SolutionProperties) = preSolution
		HideSolutionNode = FALSE
	EndGlobalSection
	GlobalSection(ExtensibilityGlobals) = postSolution
		SolutionGuid = {EBA6D7E3-A95C-497C-995E-58A254B37145}
	EndGlobalSection
EndGlobal
